// !$*UTF8*$!
{
	archiveVersion = 1;
	classes = {
	};
	objectVersion = 46;
	objects = {

/* Begin PBXBuildFile section */
		372EED28166FE3B60067C395 /* Default-568h@2x.png in Resources */ = {isa = PBXBuildFile; fileRef = 372EED27166FE3B60067C395 /* Default-568h@2x.png */; };
		3F691C66182E75580076979C /* hotels.html in Resources */ = {isa = PBXBuildFile; fileRef = 3F691C65182E75580076979C /* hotels.html */; };
		3FC2875A182E613E004A82AB /* View.xib in Resources */ = {isa = PBXBuildFile; fileRef = 3FC28759182E613E004A82AB /* View.xib */; };
		3FC2875C182E6A37004A82AB /* homepage.html in Resources */ = {isa = PBXBuildFile; fileRef = 3FC2875B182E6A37004A82AB /* homepage.html */; };
		3FC852F4182EBE0B0097E69A /* museum.jpg in Resources */ = {isa = PBXBuildFile; fileRef = 3FC852F3182EBE0B0097E69A /* museum.jpg */; };
		3FC8532C182ED3710097E69A /* CustomInfoWindow.m in Sources */ = {isa = PBXBuildFile; fileRef = 3FC8532B182ED3710097E69A /* CustomInfoWindow.m */; };
		3FC8532E182ED37F0097E69A /* InfoWindow.xib in Resources */ = {isa = PBXBuildFile; fileRef = 3FC8532D182ED37F0097E69A /* InfoWindow.xib */; };
		3FC85346182F3E360097E69A /* CoreGraphics.framework in Frameworks */ = {isa = PBXBuildFile; fileRef = 3FC85345182F3E360097E69A /* CoreGraphics.framework */; };
		3FF0A87C182F40C7004559E1 /* QuartzCore.framework in Frameworks */ = {isa = PBXBuildFile; fileRef = 3FF0A87B182F40C7004559E1 /* QuartzCore.framework */; };
		6B014F5214B3DAC4001E922B /* GHMenuViewController.m in Sources */ = {isa = PBXBuildFile; fileRef = 6B014F5114B3DAC4001E922B /* GHMenuViewController.m */; };
		6B014F5714B41DB6001E922B /* GHSidebarSearchViewController.m in Sources */ = {isa = PBXBuildFile; fileRef = 6B014F5614B41DB6001E922B /* GHSidebarSearchViewController.m */; };
		6B0CAC0114BD064800394B5D /* searchBarIcon.png in Resources */ = {isa = PBXBuildFile; fileRef = 6B0CABFE14BD064800394B5D /* searchBarIcon.png */; };
		6B0CAC0214BD064800394B5D /* searchBarIcon@2x.png in Resources */ = {isa = PBXBuildFile; fileRef = 6B0CABFF14BD064800394B5D /* searchBarIcon@2x.png */; };
		6B0CAC0314BD064800394B5D /* searchTextBG.png in Resources */ = {isa = PBXBuildFile; fileRef = 6B0CAC0014BD064800394B5D /* searchTextBG.png */; };
		6B4BD80214B10447004BE0CC /* GHMenuCell.m in Sources */ = {isa = PBXBuildFile; fileRef = 6B4BD80114B10447004BE0CC /* GHMenuCell.m */; };
		6BBA75C014873DFE004E1A5E /* GHAppDelegate.m in Sources */ = {isa = PBXBuildFile; fileRef = 6BBA75BB14873DFD004E1A5E /* GHAppDelegate.m */; };
		6BBA75C114873DFE004E1A5E /* GHPushedViewController.m in Sources */ = {isa = PBXBuildFile; fileRef = 6BBA75BD14873DFD004E1A5E /* GHPushedViewController.m */; };
		6BBA75C214873DFE004E1A5E /* GHRootViewController.m in Sources */ = {isa = PBXBuildFile; fileRef = 6BBA75BF14873DFD004E1A5E /* GHRootViewController.m */; };
		6BBA75C914873E18004E1A5E /* InfoPlist.strings in Resources */ = {isa = PBXBuildFile; fileRef = 6BBA75C414873E18004E1A5E /* InfoPlist.strings */; };
		6BBA75CB14873E18004E1A5E /* main.m in Sources */ = {isa = PBXBuildFile; fileRef = 6BBA75C814873E18004E1A5E /* main.m */; };
		6BBA75CE14873E74004E1A5E /* searchBarBG.png in Resources */ = {isa = PBXBuildFile; fileRef = 6BBA75CC14873E74004E1A5E /* searchBarBG.png */; };
		6BBA75CF14873E74004E1A5E /* user.png in Resources */ = {isa = PBXBuildFile; fileRef = 6BBA75CD14873E74004E1A5E /* user.png */; };
		6BE3FCA9147A096500CDEC04 /* UIKit.framework in Frameworks */ = {isa = PBXBuildFile; fileRef = 6BE3FCA8147A096500CDEC04 /* UIKit.framework */; };
		6BE3FCAB147A096500CDEC04 /* Foundation.framework in Frameworks */ = {isa = PBXBuildFile; fileRef = 6BE3FCAA147A096500CDEC04 /* Foundation.framework */; };
		6BE3FCDA147A118200CDEC04 /* GHRevealViewController.m in Sources */ = {isa = PBXBuildFile; fileRef = 6BE3FCD6147A118200CDEC04 /* GHRevealViewController.m */; };
		C98B9CAF182F5FC4004EAC3B /* assamfood.html in Resources */ = {isa = PBXBuildFile; fileRef = C98B9C81182F5FC4004EAC3B /* assamfood.html */; };
		C98B9CB0182F5FC4004EAC3B /* assamhome.html in Resources */ = {isa = PBXBuildFile; fileRef = C98B9C82182F5FC4004EAC3B /* assamhome.html */; };
		C98B9CB1182F5FC4004EAC3B /* cambodiafood.html in Resources */ = {isa = PBXBuildFile; fileRef = C98B9C83182F5FC4004EAC3B /* cambodiafood.html */; };
		C98B9CB2182F5FC4004EAC3B /* cambodiahome.html in Resources */ = {isa = PBXBuildFile; fileRef = C98B9C84182F5FC4004EAC3B /* cambodiahome.html */; };
		C98B9CB3182F5FC4004EAC3B /* ApsaraImagesOnPaperSouvenirs-1.jpg in Resources */ = {isa = PBXBuildFile; fileRef = C98B9C87182F5FC4004EAC3B /* ApsaraImagesOnPaperSouvenirs-1.jpg */; };
		C98B9CB4182F5FC4004EAC3B /* ApsaraImagesOnPaperSouvenirs-2.jpg in Resources */ = {isa = PBXBuildFile; fileRef = C98B9C88182F5FC4004EAC3B /* ApsaraImagesOnPaperSouvenirs-2.jpg */; };
		C98B9CB5182F5FC4004EAC3B /* Buddha.jpg in Resources */ = {isa = PBXBuildFile; fileRef = C98B9C89182F5FC4004EAC3B /* Buddha.jpg */; };
		C98B9CB6182F5FC4004EAC3B /* Crafts.jpg in Resources */ = {isa = PBXBuildFile; fileRef = C98B9C8A182F5FC4004EAC3B /* Crafts.jpg */; };
		C98B9CB7182F5FC4004EAC3B /* Elephant.jpg in Resources */ = {isa = PBXBuildFile; fileRef = C98B9C8B182F5FC4004EAC3B /* Elephant.jpg */; };
		C98B9CB8182F5FC4004EAC3B /* Gods.jpg in Resources */ = {isa = PBXBuildFile; fileRef = C98B9C8C182F5FC4004EAC3B /* Gods.jpg */; };
		C98B9CB9182F5FC4004EAC3B /* StirFriedBabySnakes.jpg in Resources */ = {isa = PBXBuildFile; fileRef = C98B9C8D182F5FC4004EAC3B /* StirFriedBabySnakes.jpg */; };
		C98B9CBA182F5FC4004EAC3B /* StirFriedFrogs.jpg in Resources */ = {isa = PBXBuildFile; fileRef = C98B9C8E182F5FC4004EAC3B /* StirFriedFrogs.jpg */; };
		C98B9CBB182F5FC4004EAC3B /* WoodenCrafts.jpg in Resources */ = {isa = PBXBuildFile; fileRef = C98B9C8F182F5FC4004EAC3B /* WoodenCrafts.jpg */; };
		C98B9CBC182F5FC4004EAC3B /* fairtrade.png in Resources */ = {isa = PBXBuildFile; fileRef = C98B9C90182F5FC4004EAC3B /* fairtrade.png */; };
		C98B9CBD182F5FC4004EAC3B /* left-arrow.png in Resources */ = {isa = PBXBuildFile; fileRef = C98B9C91182F5FC4004EAC3B /* left-arrow.png */; };
		C98B9CBE182F5FC4004EAC3B /* peru1.png in Resources */ = {isa = PBXBuildFile; fileRef = C98B9C93182F5FC4004EAC3B /* peru1.png */; };
		C98B9CBF182F5FC4004EAC3B /* peru2.png in Resources */ = {isa = PBXBuildFile; fileRef = C98B9C94182F5FC4004EAC3B /* peru2.png */; };
		C98B9CC0182F5FC4004EAC3B /* peru3.png in Resources */ = {isa = PBXBuildFile; fileRef = C98B9C95182F5FC4004EAC3B /* peru3.png */; };
		C98B9CC1182F5FC4004EAC3B /* peru4.png in Resources */ = {isa = PBXBuildFile; fileRef = C98B9C96182F5FC4004EAC3B /* peru4.png */; };
		C98B9CC2182F5FC4004EAC3B /* peru5.png in Resources */ = {isa = PBXBuildFile; fileRef = C98B9C97182F5FC4004EAC3B /* peru5.png */; };
		C98B9CC3182F5FC4004EAC3B /* peru6.png in Resources */ = {isa = PBXBuildFile; fileRef = C98B9C98182F5FC4004EAC3B /* peru6.png */; };
		C98B9CC4182F5FC4004EAC3B /* perufood2.jpg in Resources */ = {isa = PBXBuildFile; fileRef = C98B9C99182F5FC4004EAC3B /* perufood2.jpg */; };
		C98B9CC5182F5FC4004EAC3B /* perufood3.png in Resources */ = {isa = PBXBuildFile; fileRef = C98B9C9A182F5FC4004EAC3B /* perufood3.png */; };
		C98B9CC6182F5FC4004EAC3B /* purplepotatoes.jpg in Resources */ = {isa = PBXBuildFile; fileRef = C98B9C9B182F5FC4004EAC3B /* purplepotatoes.jpg */; };
		C98B9CC7182F5FC4004EAC3B /* right-arrow.png in Resources */ = {isa = PBXBuildFile; fileRef = C98B9C9C182F5FC4004EAC3B /* right-arrow.png */; };
		C98B9CC8182F5FC4004EAC3B /* profile1.jpeg in Resources */ = {isa = PBXBuildFile; fileRef = C98B9C9D182F5FC4004EAC3B /* profile1.jpeg */; };
		C98B9CC9182F5FC4004EAC3B /* profile2.jpeg in Resources */ = {isa = PBXBuildFile; fileRef = C98B9C9E182F5FC4004EAC3B /* profile2.jpeg */; };
		C98B9CCA182F5FC4004EAC3B /* profile3.jpeg in Resources */ = {isa = PBXBuildFile; fileRef = C98B9C9F182F5FC4004EAC3B /* profile3.jpeg */; };
		C98B9CCB182F5FC4004EAC3B /* profile4.jpeg in Resources */ = {isa = PBXBuildFile; fileRef = C98B9CA0182F5FC4004EAC3B /* profile4.jpeg */; };
		C98B9CCC182F5FC4004EAC3B /* right-arrow.png in Resources */ = {isa = PBXBuildFile; fileRef = C98B9CA1182F5FC4004EAC3B /* right-arrow.png */; };
		C98B9CCD182F5FC4004EAC3B /* star.png in Resources */ = {isa = PBXBuildFile; fileRef = C98B9CA2182F5FC4004EAC3B /* star.png */; };
		C98B9CCE182F5FC4004EAC3B /* links.html in Resources */ = {isa = PBXBuildFile; fileRef = C98B9CA3182F5FC4004EAC3B /* links.html */; };
		C98B9CCF182F5FC4004EAC3B /* main.css in Resources */ = {isa = PBXBuildFile; fileRef = C98B9CA4182F5FC4004EAC3B /* main.css */; };
		C98B9CD0182F5FC4004EAC3B /* perudetails.html in Resources */ = {isa = PBXBuildFile; fileRef = C98B9CA5182F5FC4004EAC3B /* perudetails.html */; };
		C98B9CD1182F5FC4004EAC3B /* perufood.html in Resources */ = {isa = PBXBuildFile; fileRef = C98B9CA6182F5FC4004EAC3B /* perufood.html */; };
		C98B9CD2182F5FC4004EAC3B /* peruhome.html in Resources */ = {isa = PBXBuildFile; fileRef = C98B9CA7182F5FC4004EAC3B /* peruhome.html */; };
		C98B9CD3182F5FC4004EAC3B /* swipe.js in Sources */ = {isa = PBXBuildFile; fileRef = C98B9CA8182F5FC4004EAC3B /* swipe.js */; };
		C98B9CD4182F5FC4004EAC3B /* searchBarBG.png in Resources */ = {isa = PBXBuildFile; fileRef = C98B9CAA182F5FC4004EAC3B /* searchBarBG.png */; };
		C98B9CD5182F5FC4004EAC3B /* searchBarIcon.png in Resources */ = {isa = PBXBuildFile; fileRef = C98B9CAB182F5FC4004EAC3B /* searchBarIcon.png */; };
		C98B9CD6182F5FC4004EAC3B /* searchBarIcon@2x.png in Resources */ = {isa = PBXBuildFile; fileRef = C98B9CAC182F5FC4004EAC3B /* searchBarIcon@2x.png */; };
		C98B9CD7182F5FC4004EAC3B /* searchTextBG.png in Resources */ = {isa = PBXBuildFile; fileRef = C98B9CAD182F5FC4004EAC3B /* searchTextBG.png */; };
		C98B9CD8182F5FC4004EAC3B /* user.png in Resources */ = {isa = PBXBuildFile; fileRef = C98B9CAE182F5FC4004EAC3B /* user.png */; };
		C98B9CDA182F9F0C004EAC3B /* peru1.png in Resources */ = {isa = PBXBuildFile; fileRef = C98B9CD9182F9F0C004EAC3B /* peru1.png */; };
/* End PBXBuildFile section */

/* Begin PBXFileReference section */
		372EED27166FE3B60067C395 /* Default-568h@2x.png */ = {isa = PBXFileReference; lastKnownFileType = image.png; path = "Default-568h@2x.png"; sourceTree = "<group>"; };
		3F691C65182E75580076979C /* hotels.html */ = {isa = PBXFileReference; fileEncoding = 4; lastKnownFileType = text.html; path = hotels.html; sourceTree = "<group>"; };
		3FC28759182E613E004A82AB /* View.xib */ = {isa = PBXFileReference; fileEncoding = 4; lastKnownFileType = file.xib; path = View.xib; sourceTree = "<group>"; };
		3FC2875B182E6A37004A82AB /* homepage.html */ = {isa = PBXFileReference; fileEncoding = 4; lastKnownFileType = text.html; path = homepage.html; sourceTree = "<group>"; };
		3FC852F3182EBE0B0097E69A /* museum.jpg */ = {isa = PBXFileReference; lastKnownFileType = image.jpeg; path = museum.jpg; sourceTree = "<group>"; };
		3FC8532A182ED3710097E69A /* CustomInfoWindow.h */ = {isa = PBXFileReference; fileEncoding = 4; lastKnownFileType = sourcecode.c.h; path = CustomInfoWindow.h; sourceTree = "<group>"; };
		3FC8532B182ED3710097E69A /* CustomInfoWindow.m */ = {isa = PBXFileReference; fileEncoding = 4; lastKnownFileType = sourcecode.c.objc; path = CustomInfoWindow.m; sourceTree = "<group>"; };
		3FC8532D182ED37F0097E69A /* InfoWindow.xib */ = {isa = PBXFileReference; fileEncoding = 4; lastKnownFileType = file.xib; path = InfoWindow.xib; sourceTree = "<group>"; };
		3FC85345182F3E360097E69A /* CoreGraphics.framework */ = {isa = PBXFileReference; lastKnownFileType = wrapper.framework; name = CoreGraphics.framework; path = System/Library/Frameworks/CoreGraphics.framework; sourceTree = SDKROOT; };
		3FF0A87B182F40C7004559E1 /* QuartzCore.framework */ = {isa = PBXFileReference; lastKnownFileType = wrapper.framework; name = QuartzCore.framework; path = System/Library/Frameworks/QuartzCore.framework; sourceTree = SDKROOT; };
		6B014F5014B3DAC4001E922B /* GHMenuViewController.h */ = {isa = PBXFileReference; fileEncoding = 4; lastKnownFileType = sourcecode.c.h; name = GHMenuViewController.h; path = Demo/GHMenuViewController.h; sourceTree = SOURCE_ROOT; };
		6B014F5114B3DAC4001E922B /* GHMenuViewController.m */ = {isa = PBXFileReference; fileEncoding = 4; lastKnownFileType = sourcecode.c.objc; name = GHMenuViewController.m; path = Demo/GHMenuViewController.m; sourceTree = SOURCE_ROOT; };
		6B014F5514B41DB6001E922B /* GHSidebarSearchViewController.h */ = {isa = PBXFileReference; fileEncoding = 4; lastKnownFileType = sourcecode.c.h; path = GHSidebarSearchViewController.h; sourceTree = "<group>"; };
		6B014F5614B41DB6001E922B /* GHSidebarSearchViewController.m */ = {isa = PBXFileReference; fileEncoding = 4; lastKnownFileType = sourcecode.c.objc; path = GHSidebarSearchViewController.m; sourceTree = "<group>"; };
		6B0CABFE14BD064800394B5D /* searchBarIcon.png */ = {isa = PBXFileReference; lastKnownFileType = image.png; name = searchBarIcon.png; path = Images/searchBarIcon.png; sourceTree = "<group>"; };
		6B0CABFF14BD064800394B5D /* searchBarIcon@2x.png */ = {isa = PBXFileReference; lastKnownFileType = image.png; name = "searchBarIcon@2x.png"; path = "Images/searchBarIcon@2x.png"; sourceTree = "<group>"; };
		6B0CAC0014BD064800394B5D /* searchTextBG.png */ = {isa = PBXFileReference; lastKnownFileType = image.png; name = searchTextBG.png; path = Images/searchTextBG.png; sourceTree = "<group>"; };
		6B4BD80014B10447004BE0CC /* GHMenuCell.h */ = {isa = PBXFileReference; fileEncoding = 4; lastKnownFileType = sourcecode.c.h; name = GHMenuCell.h; path = Demo/GHMenuCell.h; sourceTree = SOURCE_ROOT; };
		6B4BD80114B10447004BE0CC /* GHMenuCell.m */ = {isa = PBXFileReference; fileEncoding = 4; lastKnownFileType = sourcecode.c.objc; name = GHMenuCell.m; path = Demo/GHMenuCell.m; sourceTree = SOURCE_ROOT; };
		6B71B28C14B8C98E00588FB6 /* GHSidebarSearchViewControllerDelegate.h */ = {isa = PBXFileReference; fileEncoding = 4; lastKnownFileType = sourcecode.c.h; path = GHSidebarSearchViewControllerDelegate.h; sourceTree = "<group>"; };
		6BBA75BA14873DFD004E1A5E /* GHAppDelegate.h */ = {isa = PBXFileReference; fileEncoding = 4; lastKnownFileType = sourcecode.c.h; name = GHAppDelegate.h; path = Demo/GHAppDelegate.h; sourceTree = SOURCE_ROOT; };
		6BBA75BB14873DFD004E1A5E /* GHAppDelegate.m */ = {isa = PBXFileReference; fileEncoding = 4; lastKnownFileType = sourcecode.c.objc; name = GHAppDelegate.m; path = Demo/GHAppDelegate.m; sourceTree = SOURCE_ROOT; };
		6BBA75BC14873DFD004E1A5E /* GHPushedViewController.h */ = {isa = PBXFileReference; fileEncoding = 4; lastKnownFileType = sourcecode.c.h; name = GHPushedViewController.h; path = Demo/GHPushedViewController.h; sourceTree = SOURCE_ROOT; };
		6BBA75BD14873DFD004E1A5E /* GHPushedViewController.m */ = {isa = PBXFileReference; fileEncoding = 4; lastKnownFileType = sourcecode.c.objc; name = GHPushedViewController.m; path = Demo/GHPushedViewController.m; sourceTree = SOURCE_ROOT; };
		6BBA75BE14873DFD004E1A5E /* GHRootViewController.h */ = {isa = PBXFileReference; fileEncoding = 4; lastKnownFileType = sourcecode.c.h; name = GHRootViewController.h; path = Demo/GHRootViewController.h; sourceTree = SOURCE_ROOT; };
		6BBA75BF14873DFD004E1A5E /* GHRootViewController.m */ = {isa = PBXFileReference; fileEncoding = 4; lastKnownFileType = sourcecode.c.objc; name = GHRootViewController.m; path = Demo/GHRootViewController.m; sourceTree = SOURCE_ROOT; };
		6BBA75C514873E18004E1A5E /* en */ = {isa = PBXFileReference; lastKnownFileType = text.plist.strings; name = en; path = InfoPlist.strings; sourceTree = "<group>"; };
		6BBA75C614873E18004E1A5E /* GHSidebarNav-Info.plist */ = {isa = PBXFileReference; fileEncoding = 4; lastKnownFileType = text.plist.xml; name = "GHSidebarNav-Info.plist"; path = "Demo/GHSidebarNav-Info.plist"; sourceTree = SOURCE_ROOT; };
		6BBA75C714873E18004E1A5E /* GHSidebarNav-Prefix.pch */ = {isa = PBXFileReference; fileEncoding = 4; lastKnownFileType = sourcecode.c.h; name = "GHSidebarNav-Prefix.pch"; path = "Demo/GHSidebarNav-Prefix.pch"; sourceTree = SOURCE_ROOT; };
		6BBA75C814873E18004E1A5E /* main.m */ = {isa = PBXFileReference; fileEncoding = 4; lastKnownFileType = sourcecode.c.objc; name = main.m; path = Demo/main.m; sourceTree = SOURCE_ROOT; };
		6BBA75CC14873E74004E1A5E /* searchBarBG.png */ = {isa = PBXFileReference; lastKnownFileType = image.png; name = searchBarBG.png; path = Images/searchBarBG.png; sourceTree = "<group>"; };
		6BBA75CD14873E74004E1A5E /* user.png */ = {isa = PBXFileReference; lastKnownFileType = image.png; name = user.png; path = Images/user.png; sourceTree = "<group>"; };
		6BE3FCA4147A096500CDEC04 /* GHSidebarNav.app */ = {isa = PBXFileReference; explicitFileType = wrapper.application; includeInIndex = 0; path = GHSidebarNav.app; sourceTree = BUILT_PRODUCTS_DIR; };
		6BE3FCA8147A096500CDEC04 /* UIKit.framework */ = {isa = PBXFileReference; lastKnownFileType = wrapper.framework; name = UIKit.framework; path = System/Library/Frameworks/UIKit.framework; sourceTree = SDKROOT; };
		6BE3FCAA147A096500CDEC04 /* Foundation.framework */ = {isa = PBXFileReference; lastKnownFileType = wrapper.framework; name = Foundation.framework; path = System/Library/Frameworks/Foundation.framework; sourceTree = SDKROOT; };
		6BE3FCD5147A118100CDEC04 /* GHRevealViewController.h */ = {isa = PBXFileReference; fileEncoding = 4; lastKnownFileType = sourcecode.c.h; path = GHRevealViewController.h; sourceTree = "<group>"; };
		6BE3FCD6147A118200CDEC04 /* GHRevealViewController.m */ = {isa = PBXFileReference; fileEncoding = 4; lastKnownFileType = sourcecode.c.objc; path = GHRevealViewController.m; sourceTree = "<group>"; };
		C98B9C81182F5FC4004EAC3B /* assamfood.html */ = {isa = PBXFileReference; fileEncoding = 4; lastKnownFileType = text.html; path = assamfood.html; sourceTree = "<group>"; };
		C98B9C82182F5FC4004EAC3B /* assamhome.html */ = {isa = PBXFileReference; fileEncoding = 4; lastKnownFileType = text.html; path = assamhome.html; sourceTree = "<group>"; };
		C98B9C83182F5FC4004EAC3B /* cambodiafood.html */ = {isa = PBXFileReference; fileEncoding = 4; lastKnownFileType = text.html; path = cambodiafood.html; sourceTree = "<group>"; };
		C98B9C84182F5FC4004EAC3B /* cambodiahome.html */ = {isa = PBXFileReference; fileEncoding = 4; lastKnownFileType = text.html; path = cambodiahome.html; sourceTree = "<group>"; };
		C98B9C87182F5FC4004EAC3B /* ApsaraImagesOnPaperSouvenirs-1.jpg */ = {isa = PBXFileReference; lastKnownFileType = image.jpeg; path = "ApsaraImagesOnPaperSouvenirs-1.jpg"; sourceTree = "<group>"; };
		C98B9C88182F5FC4004EAC3B /* ApsaraImagesOnPaperSouvenirs-2.jpg */ = {isa = PBXFileReference; lastKnownFileType = image.jpeg; path = "ApsaraImagesOnPaperSouvenirs-2.jpg"; sourceTree = "<group>"; };
		C98B9C89182F5FC4004EAC3B /* Buddha.jpg */ = {isa = PBXFileReference; lastKnownFileType = image.jpeg; path = Buddha.jpg; sourceTree = "<group>"; };
		C98B9C8A182F5FC4004EAC3B /* Crafts.jpg */ = {isa = PBXFileReference; lastKnownFileType = image.jpeg; path = Crafts.jpg; sourceTree = "<group>"; };
		C98B9C8B182F5FC4004EAC3B /* Elephant.jpg */ = {isa = PBXFileReference; lastKnownFileType = image.jpeg; path = Elephant.jpg; sourceTree = "<group>"; };
		C98B9C8C182F5FC4004EAC3B /* Gods.jpg */ = {isa = PBXFileReference; lastKnownFileType = image.jpeg; path = Gods.jpg; sourceTree = "<group>"; };
		C98B9C8D182F5FC4004EAC3B /* StirFriedBabySnakes.jpg */ = {isa = PBXFileReference; lastKnownFileType = image.jpeg; path = StirFriedBabySnakes.jpg; sourceTree = "<group>"; };
		C98B9C8E182F5FC4004EAC3B /* StirFriedFrogs.jpg */ = {isa = PBXFileReference; lastKnownFileType = image.jpeg; path = StirFriedFrogs.jpg; sourceTree = "<group>"; };
		C98B9C8F182F5FC4004EAC3B /* WoodenCrafts.jpg */ = {isa = PBXFileReference; lastKnownFileType = image.jpeg; path = WoodenCrafts.jpg; sourceTree = "<group>"; };
		C98B9C90182F5FC4004EAC3B /* fairtrade.png */ = {isa = PBXFileReference; lastKnownFileType = image.png; path = fairtrade.png; sourceTree = "<group>"; };
		C98B9C91182F5FC4004EAC3B /* left-arrow.png */ = {isa = PBXFileReference; lastKnownFileType = image.png; path = "left-arrow.png"; sourceTree = "<group>"; };
		C98B9C93182F5FC4004EAC3B /* peru1.png */ = {isa = PBXFileReference; lastKnownFileType = image.png; path = peru1.png; sourceTree = "<group>"; };
		C98B9C94182F5FC4004EAC3B /* peru2.png */ = {isa = PBXFileReference; lastKnownFileType = image.png; path = peru2.png; sourceTree = "<group>"; };
		C98B9C95182F5FC4004EAC3B /* peru3.png */ = {isa = PBXFileReference; lastKnownFileType = image.png; path = peru3.png; sourceTree = "<group>"; };
		C98B9C96182F5FC4004EAC3B /* peru4.png */ = {isa = PBXFileReference; lastKnownFileType = image.png; path = peru4.png; sourceTree = "<group>"; };
		C98B9C97182F5FC4004EAC3B /* peru5.png */ = {isa = PBXFileReference; lastKnownFileType = image.png; path = peru5.png; sourceTree = "<group>"; };
		C98B9C98182F5FC4004EAC3B /* peru6.png */ = {isa = PBXFileReference; lastKnownFileType = image.png; path = peru6.png; sourceTree = "<group>"; };
		C98B9C99182F5FC4004EAC3B /* perufood2.jpg */ = {isa = PBXFileReference; lastKnownFileType = image.jpeg; path = perufood2.jpg; sourceTree = "<group>"; };
		C98B9C9A182F5FC4004EAC3B /* perufood3.png */ = {isa = PBXFileReference; lastKnownFileType = image.png; path = perufood3.png; sourceTree = "<group>"; };
		C98B9C9B182F5FC4004EAC3B /* purplepotatoes.jpg */ = {isa = PBXFileReference; lastKnownFileType = image.jpeg; path = purplepotatoes.jpg; sourceTree = "<group>"; };
		C98B9C9C182F5FC4004EAC3B /* right-arrow.png */ = {isa = PBXFileReference; lastKnownFileType = image.png; path = "right-arrow.png"; sourceTree = "<group>"; };
		C98B9C9D182F5FC4004EAC3B /* profile1.jpeg */ = {isa = PBXFileReference; lastKnownFileType = image.jpeg; path = profile1.jpeg; sourceTree = "<group>"; };
		C98B9C9E182F5FC4004EAC3B /* profile2.jpeg */ = {isa = PBXFileReference; lastKnownFileType = image.jpeg; path = profile2.jpeg; sourceTree = "<group>"; };
		C98B9C9F182F5FC4004EAC3B /* profile3.jpeg */ = {isa = PBXFileReference; lastKnownFileType = image.jpeg; path = profile3.jpeg; sourceTree = "<group>"; };
		C98B9CA0182F5FC4004EAC3B /* profile4.jpeg */ = {isa = PBXFileReference; lastKnownFileType = image.jpeg; path = profile4.jpeg; sourceTree = "<group>"; };
		C98B9CA1182F5FC4004EAC3B /* right-arrow.png */ = {isa = PBXFileReference; lastKnownFileType = image.png; path = "right-arrow.png"; sourceTree = "<group>"; };
		C98B9CA2182F5FC4004EAC3B /* star.png */ = {isa = PBXFileReference; lastKnownFileType = image.png; path = star.png; sourceTree = "<group>"; };
		C98B9CA3182F5FC4004EAC3B /* links.html */ = {isa = PBXFileReference; fileEncoding = 4; lastKnownFileType = text.html; path = links.html; sourceTree = "<group>"; };
		C98B9CA4182F5FC4004EAC3B /* main.css */ = {isa = PBXFileReference; fileEncoding = 4; lastKnownFileType = text.css; path = main.css; sourceTree = "<group>"; };
		C98B9CA5182F5FC4004EAC3B /* perudetails.html */ = {isa = PBXFileReference; fileEncoding = 4; lastKnownFileType = text.html; path = perudetails.html; sourceTree = "<group>"; };
		C98B9CA6182F5FC4004EAC3B /* perufood.html */ = {isa = PBXFileReference; fileEncoding = 4; lastKnownFileType = text.html; path = perufood.html; sourceTree = "<group>"; };
		C98B9CA7182F5FC4004EAC3B /* peruhome.html */ = {isa = PBXFileReference; fileEncoding = 4; lastKnownFileType = text.html; path = peruhome.html; sourceTree = "<group>"; };
		C98B9CA8182F5FC4004EAC3B /* swipe.js */ = {isa = PBXFileReference; fileEncoding = 4; lastKnownFileType = sourcecode.javascript; path = swipe.js; sourceTree = "<group>"; };
		C98B9CAA182F5FC4004EAC3B /* searchBarBG.png */ = {isa = PBXFileReference; lastKnownFileType = image.png; path = searchBarBG.png; sourceTree = "<group>"; };
		C98B9CAB182F5FC4004EAC3B /* searchBarIcon.png */ = {isa = PBXFileReference; lastKnownFileType = image.png; path = searchBarIcon.png; sourceTree = "<group>"; };
		C98B9CAC182F5FC4004EAC3B /* searchBarIcon@2x.png */ = {isa = PBXFileReference; lastKnownFileType = image.png; path = "searchBarIcon@2x.png"; sourceTree = "<group>"; };
		C98B9CAD182F5FC4004EAC3B /* searchTextBG.png */ = {isa = PBXFileReference; lastKnownFileType = image.png; path = searchTextBG.png; sourceTree = "<group>"; };
		C98B9CAE182F5FC4004EAC3B /* user.png */ = {isa = PBXFileReference; lastKnownFileType = image.png; path = user.png; sourceTree = "<group>"; };
		C98B9CD9182F9F0C004EAC3B /* peru1.png */ = {isa = PBXFileReference; lastKnownFileType = image.png; name = peru1.png; path = img/peru/peru1.png; sourceTree = "<group>"; };
/* End PBXFileReference section */

/* Begin PBXFrameworksBuildPhase section */
		6BE3FCA1147A096500CDEC04 /* Frameworks */ = {
			isa = PBXFrameworksBuildPhase;
			buildActionMask = 2147483647;
			files = (
				3FF0A87C182F40C7004559E1 /* QuartzCore.framework in Frameworks */,
				3FC85346182F3E360097E69A /* CoreGraphics.framework in Frameworks */,
				6BE3FCA9147A096500CDEC04 /* UIKit.framework in Frameworks */,
				6BE3FCAB147A096500CDEC04 /* Foundation.framework in Frameworks */,
			);
			runOnlyForDeploymentPostprocessing = 0;
		};
/* End PBXFrameworksBuildPhase section */

/* Begin PBXGroup section */
		6BBA75B914872E10004E1A5E /* Demo */ = {
			isa = PBXGroup;
			children = (
				6BBA75BA14873DFD004E1A5E /* GHAppDelegate.h */,
				6BBA75BB14873DFD004E1A5E /* GHAppDelegate.m */,
				6B4BD80014B10447004BE0CC /* GHMenuCell.h */,
				6B4BD80114B10447004BE0CC /* GHMenuCell.m */,
				6B014F5014B3DAC4001E922B /* GHMenuViewController.h */,
				6B014F5114B3DAC4001E922B /* GHMenuViewController.m */,
				6BBA75BC14873DFD004E1A5E /* GHPushedViewController.h */,
				6BBA75BD14873DFD004E1A5E /* GHPushedViewController.m */,
				6BBA75BE14873DFD004E1A5E /* GHRootViewController.h */,
				6BBA75BF14873DFD004E1A5E /* GHRootViewController.m */,
				6BE3FCAF147A096500CDEC04 /* Supporting Files */,
			);
			name = Demo;
			path = GHSidebarNav/GHSidebarNavDemo;
			sourceTree = "<group>";
		};
		6BBA75C314873E18004E1A5E /* en.lproj */ = {
			isa = PBXGroup;
			children = (
				6BBA75C414873E18004E1A5E /* InfoPlist.strings */,
			);
			name = en.lproj;
			path = Demo/en.lproj;
			sourceTree = SOURCE_ROOT;
		};
		6BE3FC99147A096400CDEC04 = {
			isa = PBXGroup;
			children = (
				3FC8532A182ED3710097E69A /* CustomInfoWindow.h */,
				3FC8532B182ED3710097E69A /* CustomInfoWindow.m */,
				3FC8532D182ED37F0097E69A /* InfoWindow.xib */,
				3FC28759182E613E004A82AB /* View.xib */,
				372EED27166FE3B60067C395 /* Default-568h@2x.png */,
				6BE3FCAE147A096500CDEC04 /* GHSidebarNav */,
				6BBA75B914872E10004E1A5E /* Demo */,
				6BE3FCCA147A115600CDEC04 /* Resources */,
				6BE3FCA7147A096500CDEC04 /* Frameworks */,
				6BE3FCA5147A096500CDEC04 /* Products */,
			);
			sourceTree = "<group>";
		};
		6BE3FCA5147A096500CDEC04 /* Products */ = {
			isa = PBXGroup;
			children = (
				6BE3FCA4147A096500CDEC04 /* GHSidebarNav.app */,
			);
			name = Products;
			sourceTree = "<group>";
		};
		6BE3FCA7147A096500CDEC04 /* Frameworks */ = {
			isa = PBXGroup;
			children = (
				3FF0A87B182F40C7004559E1 /* QuartzCore.framework */,
				3FC85345182F3E360097E69A /* CoreGraphics.framework */,
				6BE3FCA8147A096500CDEC04 /* UIKit.framework */,
				6BE3FCAA147A096500CDEC04 /* Foundation.framework */,
			);
			name = Frameworks;
			sourceTree = "<group>";
		};
		6BE3FCAE147A096500CDEC04 /* GHSidebarNav */ = {
			isa = PBXGroup;
			children = (
				6BE3FCD5147A118100CDEC04 /* GHRevealViewController.h */,
				6BE3FCD6147A118200CDEC04 /* GHRevealViewController.m */,
				6B014F5514B41DB6001E922B /* GHSidebarSearchViewController.h */,
				6B014F5614B41DB6001E922B /* GHSidebarSearchViewController.m */,
				6B71B28C14B8C98E00588FB6 /* GHSidebarSearchViewControllerDelegate.h */,
			);
			path = GHSidebarNav;
			sourceTree = "<group>";
		};
		6BE3FCAF147A096500CDEC04 /* Supporting Files */ = {
			isa = PBXGroup;
			children = (
				6BBA75C314873E18004E1A5E /* en.lproj */,
				6BBA75C614873E18004E1A5E /* GHSidebarNav-Info.plist */,
				6BBA75C714873E18004E1A5E /* GHSidebarNav-Prefix.pch */,
				6BBA75C814873E18004E1A5E /* main.m */,
			);
			name = "Supporting Files";
			path = ..;
			sourceTree = "<group>";
		};
		6BE3FCCA147A115600CDEC04 /* Resources */ = {
			isa = PBXGroup;
			children = (
				C98B9CD9182F9F0C004EAC3B /* peru1.png */,
				C98B9C81182F5FC4004EAC3B /* assamfood.html */,
				C98B9C82182F5FC4004EAC3B /* assamhome.html */,
				C98B9C83182F5FC4004EAC3B /* cambodiafood.html */,
				C98B9C84182F5FC4004EAC3B /* cambodiahome.html */,
				C98B9C85182F5FC4004EAC3B /* img */,
				C98B9CA3182F5FC4004EAC3B /* links.html */,
				C98B9CA4182F5FC4004EAC3B /* main.css */,
				C98B9CA5182F5FC4004EAC3B /* perudetails.html */,
				C98B9CA6182F5FC4004EAC3B /* perufood.html */,
				C98B9CA7182F5FC4004EAC3B /* peruhome.html */,
				C98B9CA8182F5FC4004EAC3B /* swipe.js */,
				C98B9CA9182F5FC4004EAC3B /* Images */,
				6BBA75CC14873E74004E1A5E /* searchBarBG.png */,
				3FC852F3182EBE0B0097E69A /* museum.jpg */,
				6B0CABFE14BD064800394B5D /* searchBarIcon.png */,
				6B0CABFF14BD064800394B5D /* searchBarIcon@2x.png */,
				6B0CAC0014BD064800394B5D /* searchTextBG.png */,
				6BBA75CD14873E74004E1A5E /* user.png */,
				3F691C65182E75580076979C /* hotels.html */,
				3FC2875B182E6A37004A82AB /* homepage.html */,
			);
			name = Resources;
			path = GHSidebarNav;
			sourceTree = "<group>";
		};
		C98B9C85182F5FC4004EAC3B /* img */ = {
			isa = PBXGroup;
			children = (
				C98B9C86182F5FC4004EAC3B /* cambodia */,
				C98B9C90182F5FC4004EAC3B /* fairtrade.png */,
				C98B9C91182F5FC4004EAC3B /* left-arrow.png */,
				C98B9C92182F5FC4004EAC3B /* peru */,
				C98B9C9D182F5FC4004EAC3B /* profile1.jpeg */,
				C98B9C9E182F5FC4004EAC3B /* profile2.jpeg */,
				C98B9C9F182F5FC4004EAC3B /* profile3.jpeg */,
				C98B9CA0182F5FC4004EAC3B /* profile4.jpeg */,
				C98B9CA1182F5FC4004EAC3B /* right-arrow.png */,
				C98B9CA2182F5FC4004EAC3B /* star.png */,
			);
			path = img;
			sourceTree = "<group>";
		};
		C98B9C86182F5FC4004EAC3B /* cambodia */ = {
			isa = PBXGroup;
			children = (
				C98B9C87182F5FC4004EAC3B /* ApsaraImagesOnPaperSouvenirs-1.jpg */,
				C98B9C88182F5FC4004EAC3B /* ApsaraImagesOnPaperSouvenirs-2.jpg */,
				C98B9C89182F5FC4004EAC3B /* Buddha.jpg */,
				C98B9C8A182F5FC4004EAC3B /* Crafts.jpg */,
				C98B9C8B182F5FC4004EAC3B /* Elephant.jpg */,
				C98B9C8C182F5FC4004EAC3B /* Gods.jpg */,
				C98B9C8D182F5FC4004EAC3B /* StirFriedBabySnakes.jpg */,
				C98B9C8E182F5FC4004EAC3B /* StirFriedFrogs.jpg */,
				C98B9C8F182F5FC4004EAC3B /* WoodenCrafts.jpg */,
			);
			path = cambodia;
			sourceTree = "<group>";
		};
		C98B9C92182F5FC4004EAC3B /* peru */ = {
			isa = PBXGroup;
			children = (
				C98B9C93182F5FC4004EAC3B /* peru1.png */,
				C98B9C94182F5FC4004EAC3B /* peru2.png */,
				C98B9C95182F5FC4004EAC3B /* peru3.png */,
				C98B9C96182F5FC4004EAC3B /* peru4.png */,
				C98B9C97182F5FC4004EAC3B /* peru5.png */,
				C98B9C98182F5FC4004EAC3B /* peru6.png */,
				C98B9C99182F5FC4004EAC3B /* perufood2.jpg */,
				C98B9C9A182F5FC4004EAC3B /* perufood3.png */,
				C98B9C9B182F5FC4004EAC3B /* purplepotatoes.jpg */,
				C98B9C9C182F5FC4004EAC3B /* right-arrow.png */,
			);
			path = peru;
			sourceTree = "<group>";
		};
		C98B9CA9182F5FC4004EAC3B /* Images */ = {
			isa = PBXGroup;
			children = (
				C98B9CAA182F5FC4004EAC3B /* searchBarBG.png */,
				C98B9CAB182F5FC4004EAC3B /* searchBarIcon.png */,
				C98B9CAC182F5FC4004EAC3B /* searchBarIcon@2x.png */,
				C98B9CAD182F5FC4004EAC3B /* searchTextBG.png */,
				C98B9CAE182F5FC4004EAC3B /* user.png */,
			);
			path = Images;
			sourceTree = "<group>";
		};
/* End PBXGroup section */

/* Begin PBXNativeTarget section */
		6BE3FCA3147A096500CDEC04 /* GHSidebarNav */ = {
			isa = PBXNativeTarget;
			buildConfigurationList = 6BE3FCBC147A096500CDEC04 /* Build configuration list for PBXNativeTarget "GHSidebarNav" */;
			buildPhases = (
				6BE3FCA0147A096500CDEC04 /* Sources */,
				6BE3FCA1147A096500CDEC04 /* Frameworks */,
				6BE3FCA2147A096500CDEC04 /* Resources */,
			);
			buildRules = (
			);
			dependencies = (
			);
			name = GHSidebarNav;
			productName = GHSidebarNav;
			productReference = 6BE3FCA4147A096500CDEC04 /* GHSidebarNav.app */;
			productType = "com.apple.product-type.application";
		};
/* End PBXNativeTarget section */

/* Begin PBXProject section */
		6BE3FC9B147A096400CDEC04 /* Project object */ = {
			isa = PBXProject;
			attributes = {
				LastUpgradeCheck = 0500;
			};
			buildConfigurationList = 6BE3FC9E147A096400CDEC04 /* Build configuration list for PBXProject "GHSidebarNav" */;
			compatibilityVersion = "Xcode 3.2";
			developmentRegion = English;
			hasScannedForEncodings = 0;
			knownRegions = (
				en,
			);
			mainGroup = 6BE3FC99147A096400CDEC04;
			productRefGroup = 6BE3FCA5147A096500CDEC04 /* Products */;
			projectDirPath = "";
			projectRoot = "";
			targets = (
				6BE3FCA3147A096500CDEC04 /* GHSidebarNav */,
			);
		};
/* End PBXProject section */

/* Begin PBXResourcesBuildPhase section */
		6BE3FCA2147A096500CDEC04 /* Resources */ = {
			isa = PBXResourcesBuildPhase;
			buildActionMask = 2147483647;
			files = (
				C98B9CC1182F5FC4004EAC3B /* peru4.png in Resources */,
				C98B9CB6182F5FC4004EAC3B /* Crafts.jpg in Resources */,
				C98B9CC3182F5FC4004EAC3B /* peru6.png in Resources */,
				C98B9CBE182F5FC4004EAC3B /* peru1.png in Resources */,
				C98B9CD5182F5FC4004EAC3B /* searchBarIcon.png in Resources */,
				C98B9CC6182F5FC4004EAC3B /* purplepotatoes.jpg in Resources */,
				C98B9CD2182F5FC4004EAC3B /* peruhome.html in Resources */,
				6BBA75C914873E18004E1A5E /* InfoPlist.strings in Resources */,
				C98B9CCD182F5FC4004EAC3B /* star.png in Resources */,
				6BBA75CE14873E74004E1A5E /* searchBarBG.png in Resources */,
				C98B9CBF182F5FC4004EAC3B /* peru2.png in Resources */,
				6BBA75CF14873E74004E1A5E /* user.png in Resources */,
				C98B9CC7182F5FC4004EAC3B /* right-arrow.png in Resources */,
				C98B9CCF182F5FC4004EAC3B /* main.css in Resources */,
				C98B9CB7182F5FC4004EAC3B /* Elephant.jpg in Resources */,
				C98B9CB9182F5FC4004EAC3B /* StirFriedBabySnakes.jpg in Resources */,
				C98B9CC4182F5FC4004EAC3B /* perufood2.jpg in Resources */,
				C98B9CCA182F5FC4004EAC3B /* profile3.jpeg in Resources */,
				C98B9CCC182F5FC4004EAC3B /* right-arrow.png in Resources */,
				C98B9CD6182F5FC4004EAC3B /* searchBarIcon@2x.png in Resources */,
				C98B9CAF182F5FC4004EAC3B /* assamfood.html in Resources */,
				3FC8532E182ED37F0097E69A /* InfoWindow.xib in Resources */,
				C98B9CB4182F5FC4004EAC3B /* ApsaraImagesOnPaperSouvenirs-2.jpg in Resources */,
				C98B9CDA182F9F0C004EAC3B /* peru1.png in Resources */,
				C98B9CB3182F5FC4004EAC3B /* ApsaraImagesOnPaperSouvenirs-1.jpg in Resources */,
				C98B9CC8182F5FC4004EAC3B /* profile1.jpeg in Resources */,
				C98B9CD1182F5FC4004EAC3B /* perufood.html in Resources */,
				C98B9CC2182F5FC4004EAC3B /* peru5.png in Resources */,
				C98B9CD8182F5FC4004EAC3B /* user.png in Resources */,
				6B0CAC0114BD064800394B5D /* searchBarIcon.png in Resources */,
				3FC2875A182E613E004A82AB /* View.xib in Resources */,
				C98B9CB1182F5FC4004EAC3B /* cambodiafood.html in Resources */,
				C98B9CB0182F5FC4004EAC3B /* assamhome.html in Resources */,
				C98B9CC5182F5FC4004EAC3B /* perufood3.png in Resources */,
				C98B9CCB182F5FC4004EAC3B /* profile4.jpeg in Resources */,
				C98B9CB5182F5FC4004EAC3B /* Buddha.jpg in Resources */,
				C98B9CC0182F5FC4004EAC3B /* peru3.png in Resources */,
				3FC852F4182EBE0B0097E69A /* museum.jpg in Resources */,
				C98B9CBC182F5FC4004EAC3B /* fairtrade.png in Resources */,
				3F691C66182E75580076979C /* hotels.html in Resources */,
				3FC2875C182E6A37004A82AB /* homepage.html in Resources */,
				6B0CAC0214BD064800394B5D /* searchBarIcon@2x.png in Resources */,
				C98B9CD4182F5FC4004EAC3B /* searchBarBG.png in Resources */,
				C98B9CB8182F5FC4004EAC3B /* Gods.jpg in Resources */,
				C98B9CBB182F5FC4004EAC3B /* WoodenCrafts.jpg in Resources */,
				C98B9CD7182F5FC4004EAC3B /* searchTextBG.png in Resources */,
				C98B9CB2182F5FC4004EAC3B /* cambodiahome.html in Resources */,
				C98B9CBD182F5FC4004EAC3B /* left-arrow.png in Resources */,
				6B0CAC0314BD064800394B5D /* searchTextBG.png in Resources */,
				C98B9CD0182F5FC4004EAC3B /* perudetails.html in Resources */,
				C98B9CC9182F5FC4004EAC3B /* profile2.jpeg in Resources */,
				C98B9CBA182F5FC4004EAC3B /* StirFriedFrogs.jpg in Resources */,
				C98B9CCE182F5FC4004EAC3B /* links.html in Resources */,
				372EED28166FE3B60067C395 /* Default-568h@2x.png in Resources */,
			);
			runOnlyForDeploymentPostprocessing = 0;
		};
/* End PBXResourcesBuildPhase section */

/* Begin PBXSourcesBuildPhase section */
		6BE3FCA0147A096500CDEC04 /* Sources */ = {
			isa = PBXSourcesBuildPhase;
			buildActionMask = 2147483647;
			files = (
				3FC8532C182ED3710097E69A /* CustomInfoWindow.m in Sources */,
				C98B9CD3182F5FC4004EAC3B /* swipe.js in Sources */,
				6BE3FCDA147A118200CDEC04 /* GHRevealViewController.m in Sources */,
				6BBA75C014873DFE004E1A5E /* GHAppDelegate.m in Sources */,
				6BBA75C114873DFE004E1A5E /* GHPushedViewController.m in Sources */,
				6BBA75C214873DFE004E1A5E /* GHRootViewController.m in Sources */,
				6BBA75CB14873E18004E1A5E /* main.m in Sources */,
				6B4BD80214B10447004BE0CC /* GHMenuCell.m in Sources */,
				6B014F5214B3DAC4001E922B /* GHMenuViewController.m in Sources */,
				6B014F5714B41DB6001E922B /* GHSidebarSearchViewController.m in Sources */,
			);
			runOnlyForDeploymentPostprocessing = 0;
		};
/* End PBXSourcesBuildPhase section */

/* Begin PBXVariantGroup section */
		6BBA75C414873E18004E1A5E /* InfoPlist.strings */ = {
			isa = PBXVariantGroup;
			children = (
				6BBA75C514873E18004E1A5E /* en */,
			);
			name = InfoPlist.strings;
			sourceTree = "<group>";
		};
/* End PBXVariantGroup section */

/* Begin XCBuildConfiguration section */
		6BE3FCBA147A096500CDEC04 /* Debug */ = {
			isa = XCBuildConfiguration;
			buildSettings = {
				ALWAYS_SEARCH_USER_PATHS = NO;
				CLANG_ENABLE_OBJC_ARC = YES;
				CLANG_WARN_BOOL_CONVERSION = YES;
				CLANG_WARN_CONSTANT_CONVERSION = YES;
				CLANG_WARN_EMPTY_BODY = YES;
				CLANG_WARN_ENUM_CONVERSION = YES;
				CLANG_WARN_INT_CONVERSION = YES;
				CLANG_WARN__DUPLICATE_METHOD_MATCH = YES;
				"CODE_SIGN_IDENTITY[sdk=iphoneos*]" = "iPhone Developer";
				COPY_PHASE_STRIP = NO;
				GCC_C_LANGUAGE_STANDARD = gnu99;
				GCC_OPTIMIZATION_LEVEL = 0;
				GCC_PREPROCESSOR_DEFINITIONS = (
					"DEBUG=1",
					"$(inherited)",
				);
				GCC_WARN_64_TO_32_BIT_CONVERSION = YES;
				GCC_WARN_ABOUT_MISSING_FIELD_INITIALIZERS = YES;
				GCC_WARN_ABOUT_MISSING_NEWLINE = YES;
				GCC_WARN_ABOUT_MISSING_PROTOTYPES = YES;
				GCC_WARN_ABOUT_RETURN_TYPE = YES;
				GCC_WARN_INITIALIZER_NOT_FULLY_BRACKETED = YES;
				GCC_WARN_PEDANTIC = YES;
				GCC_WARN_SHADOW = YES;
				GCC_WARN_SIGN_COMPARE = YES;
				GCC_WARN_UNDECLARED_SELECTOR = YES;
				GCC_WARN_UNINITIALIZED_AUTOS = YES;
				GCC_WARN_UNUSED_FUNCTION = YES;
				GCC_WARN_UNUSED_LABEL = YES;
				GCC_WARN_UNUSED_PARAMETER = NO;
				GCC_WARN_UNUSED_VARIABLE = YES;
				IPHONEOS_DEPLOYMENT_TARGET = 6.0;
				ONLY_ACTIVE_ARCH = YES;
				RUN_CLANG_STATIC_ANALYZER = YES;
				SDKROOT = iphoneos;
				TARGETED_DEVICE_FAMILY = "1,2";
			};
			name = Debug;
		};
		6BE3FCBB147A096500CDEC04 /* Release */ = {
			isa = XCBuildConfiguration;
			buildSettings = {
				ALWAYS_SEARCH_USER_PATHS = NO;
				CLANG_ENABLE_OBJC_ARC = YES;
				CLANG_WARN_BOOL_CONVERSION = YES;
				CLANG_WARN_CONSTANT_CONVERSION = YES;
				CLANG_WARN_EMPTY_BODY = YES;
				CLANG_WARN_ENUM_CONVERSION = YES;
				CLANG_WARN_INT_CONVERSION = YES;
				CLANG_WARN__DUPLICATE_METHOD_MATCH = YES;
				"CODE_SIGN_IDENTITY[sdk=iphoneos*]" = "iPhone Developer";
				COPY_PHASE_STRIP = YES;
				GCC_C_LANGUAGE_STANDARD = gnu99;
				GCC_WARN_64_TO_32_BIT_CONVERSION = YES;
				GCC_WARN_ABOUT_MISSING_FIELD_INITIALIZERS = YES;
				GCC_WARN_ABOUT_MISSING_NEWLINE = YES;
				GCC_WARN_ABOUT_MISSING_PROTOTYPES = YES;
				GCC_WARN_ABOUT_RETURN_TYPE = YES;
				GCC_WARN_INITIALIZER_NOT_FULLY_BRACKETED = YES;
				GCC_WARN_PEDANTIC = YES;
				GCC_WARN_SHADOW = YES;
				GCC_WARN_SIGN_COMPARE = YES;
				GCC_WARN_UNDECLARED_SELECTOR = YES;
				GCC_WARN_UNINITIALIZED_AUTOS = YES;
				GCC_WARN_UNUSED_FUNCTION = YES;
				GCC_WARN_UNUSED_LABEL = YES;
				GCC_WARN_UNUSED_PARAMETER = NO;
				GCC_WARN_UNUSED_VARIABLE = YES;
				IPHONEOS_DEPLOYMENT_TARGET = 6.0;
				OTHER_CFLAGS = "-DNS_BLOCK_ASSERTIONS=1";
				RUN_CLANG_STATIC_ANALYZER = YES;
				SDKROOT = iphoneos;
				TARGETED_DEVICE_FAMILY = "1,2";
				VALIDATE_PRODUCT = YES;
			};
			name = Release;
		};
		6BE3FCBD147A096500CDEC04 /* Debug */ = {
			isa = XCBuildConfiguration;
			buildSettings = {
				FRAMEWORK_SEARCH_PATHS = (
					"$(inherited)",
					"/Users/seethara/Desktop/GHSidebarNav-master",
					"$(DEVELOPER_FRAMEWORKS_DIR)",
				);
				GCC_PRECOMPILE_PREFIX_HEADER = YES;
				GCC_PREFIX_HEADER = "Demo/GHSidebarNav-Prefix.pch";
				INFOPLIST_FILE = "Demo/GHSidebarNav-Info.plist";
				IPHONEOS_DEPLOYMENT_TARGET = 6.0;
				"OTHER_LDFLAGS[arch=*]" = "";
				PRODUCT_NAME = "$(TARGET_NAME)";
				WRAPPER_EXTENSION = app;
			};
			name = Debug;
		};
		6BE3FCBE147A096500CDEC04 /* Release */ = {
			isa = XCBuildConfiguration;
			buildSettings = {
				FRAMEWORK_SEARCH_PATHS = (
					"$(inherited)",
					"/Users/seethara/Desktop/GHSidebarNav-master",
					"$(DEVELOPER_FRAMEWORKS_DIR)",
				);
				GCC_PRECOMPILE_PREFIX_HEADER = YES;
				GCC_PREFIX_HEADER = "Demo/GHSidebarNav-Prefix.pch";
				INFOPLIST_FILE = "Demo/GHSidebarNav-Info.plist";
				IPHONEOS_DEPLOYMENT_TARGET = 6.0;
				"OTHER_LDFLAGS[arch=*]" = "";
				PRODUCT_NAME = "$(TARGET_NAME)";
				WRAPPER_EXTENSION = app;
			};
			name = Release;
		};
/* End XCBuildConfiguration section */

/* Begin XCConfigurationList section */
		6BE3FC9E147A096400CDEC04 /* Build configuration list for PBXProject "GHSidebarNav" */ = {
			isa = XCConfigurationList;
			buildConfigurations = (
				6BE3FCBA147A096500CDEC04 /* Debug */,
				6BE3FCBB147A096500CDEC04 /* Release */,
			);
			defaultConfigurationIsVisible = 0;
			defaultConfigurationName = Release;
		};
		6BE3FCBC147A096500CDEC04 /* Build configuration list for PBXNativeTarget "GHSidebarNav" */ = {
			isa = XCConfigurationList;
			buildConfigurations = (
				6BE3FCBD147A096500CDEC04 /* Debug */,
				6BE3FCBE147A096500CDEC04 /* Release */,
			);
			defaultConfigurationIsVisible = 0;
			defaultConfigurationName = Release;
		};
/* End XCConfigurationList section */
	};
	rootObject = 6BE3FC9B147A096400CDEC04 /* Project object */;
}
